// !$*UTF8*$!
{
	archiveVersion = 1;
	classes = {
	};
	objectVersion = 46;
	objects = {

/* Begin PBXBuildFile section */
		BE18710A1D947BEB0033ABAD /* AppDelegate.swift in Sources */ = {isa = PBXBuildFile; fileRef = BE1871091D947BEB0033ABAD /* AppDelegate.swift */; };
		BE18710C1D947BEB0033ABAD /* ViewController.swift in Sources */ = {isa = PBXBuildFile; fileRef = BE18710B1D947BEB0033ABAD /* ViewController.swift */; };
		BE18710F1D947BEB0033ABAD /* Main.storyboard in Resources */ = {isa = PBXBuildFile; fileRef = BE18710D1D947BEB0033ABAD /* Main.storyboard */; };
		BE1871111D947BEB0033ABAD /* Assets.xcassets in Resources */ = {isa = PBXBuildFile; fileRef = BE1871101D947BEB0033ABAD /* Assets.xcassets */; };
		BE1871141D947BEB0033ABAD /* LaunchScreen.storyboard in Resources */ = {isa = PBXBuildFile; fileRef = BE1871121D947BEB0033ABAD /* LaunchScreen.storyboard */; };
		BE235E441D94BDBA00A59C75 /* FunctionPlottingView.swift in Sources */ = {isa = PBXBuildFile; fileRef = BE235E431D94BDBA00A59C75 /* FunctionPlottingView.swift */; };
		BE82D6E41D94C00600D4C7E6 /* TryCatch.m in Sources */ = {isa = PBXBuildFile; fileRef = BE82D6E31D94C00600D4C7E6 /* TryCatch.m */; };
/* End PBXBuildFile section */

/* Begin PBXFileReference section */
		BE1871061D947BEB0033ABAD /* GraphCalculator.app */ = {isa = PBXFileReference; explicitFileType = wrapper.application; includeInIndex = 0; path = GraphCalculator.app; sourceTree = BUILT_PRODUCTS_DIR; };
		BE1871091D947BEB0033ABAD /* AppDelegate.swift */ = {isa = PBXFileReference; lastKnownFileType = sourcecode.swift; path = AppDelegate.swift; sourceTree = "<group>"; };
		BE18710B1D947BEB0033ABAD /* ViewController.swift */ = {isa = PBXFileReference; lastKnownFileType = sourcecode.swift; path = ViewController.swift; sourceTree = "<group>"; };
		BE18710E1D947BEB0033ABAD /* Base */ = {isa = PBXFileReference; lastKnownFileType = file.storyboard; name = Base; path = Base.lproj/Main.storyboard; sourceTree = "<group>"; };
		BE1871101D947BEB0033ABAD /* Assets.xcassets */ = {isa = PBXFileReference; lastKnownFileType = folder.assetcatalog; path = Assets.xcassets; sourceTree = "<group>"; };
		BE1871131D947BEB0033ABAD /* Base */ = {isa = PBXFileReference; lastKnownFileType = file.storyboard; name = Base; path = Base.lproj/LaunchScreen.storyboard; sourceTree = "<group>"; };
		BE1871151D947BEB0033ABAD /* Info.plist */ = {isa = PBXFileReference; lastKnownFileType = text.plist.xml; path = Info.plist; sourceTree = "<group>"; };
		BE235E431D94BDBA00A59C75 /* FunctionPlottingView.swift */ = {isa = PBXFileReference; fileEncoding = 4; lastKnownFileType = sourcecode.swift; path = FunctionPlottingView.swift; sourceTree = "<group>"; };
		BE82D6E31D94C00600D4C7E6 /* TryCatch.m */ = {isa = PBXFileReference; fileEncoding = 4; lastKnownFileType = sourcecode.c.objc; path = TryCatch.m; sourceTree = "<group>"; };
		BE82D6E51D94C01900D4C7E6 /* TryCatch.h */ = {isa = PBXFileReference; fileEncoding = 4; lastKnownFileType = sourcecode.c.h; path = TryCatch.h; sourceTree = "<group>"; };
		BE82D6E71D94C30800D4C7E6 /* GraphCalculator-Bridging-Header.h */ = {isa = PBXFileReference; fileEncoding = 4; lastKnownFileType = sourcecode.c.h; path = "GraphCalculator-Bridging-Header.h"; sourceTree = "<group>"; };
/* End PBXFileReference section */

/* Begin PBXFrameworksBuildPhase section */
		BE1871031D947BEB0033ABAD /* Frameworks */ = {
			isa = PBXFrameworksBuildPhase;
			buildActionMask = 2147483647;
			files = (
			);
			runOnlyForDeploymentPostprocessing = 0;
		};
/* End PBXFrameworksBuildPhase section */

/* Begin PBXGroup section */
		BE1870FD1D947BEB0033ABAD = {
			isa = PBXGroup;
			children = (
				BE1871081D947BEB0033ABAD /* GraphCalculator */,
				BE1871071D947BEB0033ABAD /* Products */,
			);
			sourceTree = "<group>";
		};
		BE1871071D947BEB0033ABAD /* Products */ = {
			isa = PBXGroup;
			children = (
				BE1871061D947BEB0033ABAD /* GraphCalculator.app */,
			);
			name = Products;
			sourceTree = "<group>";
		};
		BE1871081D947BEB0033ABAD /* GraphCalculator */ = {
			isa = PBXGroup;
			children = (
				BE82D6E71D94C30800D4C7E6 /* GraphCalculator-Bridging-Header.h */,
				BE82D6E51D94C01900D4C7E6 /* TryCatch.h */,
				BE82D6E31D94C00600D4C7E6 /* TryCatch.m */,
				BE1871091D947BEB0033ABAD /* AppDelegate.swift */,
				BE18710B1D947BEB0033ABAD /* ViewController.swift */,
				BE18710D1D947BEB0033ABAD /* Main.storyboard */,
				BE235E431D94BDBA00A59C75 /* FunctionPlottingView.swift */,
				BE1871101D947BEB0033ABAD /* Assets.xcassets */,
				BE1871121D947BEB0033ABAD /* LaunchScreen.storyboard */,
				BE1871151D947BEB0033ABAD /* Info.plist */,
			);
			path = GraphCalculator;
			sourceTree = "<group>";
		};
/* End PBXGroup section */

/* Begin PBXNativeTarget section */
		BE1871051D947BEB0033ABAD /* GraphCalculator */ = {
			isa = PBXNativeTarget;
			buildConfigurationList = BE1871181D947BEB0033ABAD /* Build configuration list for PBXNativeTarget "GraphCalculator" */;
			buildPhases = (
				BE1871021D947BEB0033ABAD /* Sources */,
				BE1871031D947BEB0033ABAD /* Frameworks */,
				BE1871041D947BEB0033ABAD /* Resources */,
			);
			buildRules = (
			);
			dependencies = (
			);
			name = GraphCalculator;
			productName = GraphCalculator;
			productReference = BE1871061D947BEB0033ABAD /* GraphCalculator.app */;
			productType = "com.apple.product-type.application";
		};
/* End PBXNativeTarget section */

/* Begin PBXProject section */
		BE1870FE1D947BEB0033ABAD /* Project object */ = {
			isa = PBXProject;
			attributes = {
				LastSwiftUpdateCheck = 0710;
				LastUpgradeCheck = 0710;
				ORGANIZATIONNAME = "Yanpu Wu";
				TargetAttributes = {
					BE1871051D947BEB0033ABAD = {
						CreatedOnToolsVersion = 7.1.1;
					};
				};
			};
			buildConfigurationList = BE1871011D947BEB0033ABAD /* Build configuration list for PBXProject "GraphCalculator" */;
			compatibilityVersion = "Xcode 3.2";
			developmentRegion = English;
			hasScannedForEncodings = 0;
			knownRegions = (
				en,
				Base,
			);
			mainGroup = BE1870FD1D947BEB0033ABAD;
			productRefGroup = BE1871071D947BEB0033ABAD /* Products */;
			projectDirPath = "";
			projectRoot = "";
			targets = (
				BE1871051D947BEB0033ABAD /* GraphCalculator */,
			);
		};
/* End PBXProject section */

/* Begin PBXResourcesBuildPhase section */
		BE1871041D947BEB0033ABAD /* Resources */ = {
			isa = PBXResourcesBuildPhase;
			buildActionMask = 2147483647;
			files = (
				BE1871141D947BEB0033ABAD /* LaunchScreen.storyboard in Resources */,
				BE1871111D947BEB0033ABAD /* Assets.xcassets in Resources */,
				BE18710F1D947BEB0033ABAD /* Main.storyboard in Resources */,
			);
			runOnlyForDeploymentPostprocessing = 0;
		};
/* End PBXResourcesBuildPhase section */

/* Begin PBXSourcesBuildPhase section */
		BE1871021D947BEB0033ABAD /* Sources */ = {
			isa = PBXSourcesBuildPhase;
			buildActionMask = 2147483647;
			files = (
				BE18710C1D947BEB0033ABAD /* ViewController.swift in Sources */,
				BE18710A1D947BEB0033ABAD /* AppDelegate.swift in Sources */,
				BE235E441D94BDBA00A59C75 /* FunctionPlottingView.swift in Sources */,
				BE82D6E41D94C00600D4C7E6 /* TryCatch.m in Sources */,
			);
			runOnlyForDeploymentPostprocessing = 0;
		};
/* End PBXSourcesBuildPhase section */

/* Begin PBXVariantGroup section */
		BE18710D1D947BEB0033ABAD /* Main.storyboard */ = {
			isa = PBXVariantGroup;
			children = (
				BE18710E1D947BEB0033ABAD /* Base */,
			);
			name = Main.storyboard;
			sourceTree = "<group>";
		};
		BE1871121D947BEB0033ABAD /* LaunchScreen.storyboard */ = {
			isa = PBXVariantGroup;
			children = (
				BE1871131D947BEB0033ABAD /* Base */,
			);
			name = LaunchScreen.storyboard;
			sourceTree = "<group>";
		};
/* End PBXVariantGroup section */

/* Begin XCBuildConfiguration section */
		BE1871161D947BEB0033ABAD /* Debug */ = {
			isa = XCBuildConfiguration;
			buildSettings = {
				ALWAYS_SEARCH_USER_PATHS = NO;
				CLANG_CXX_LANGUAGE_STANDARD = "gnu++0x";
				CLANG_CXX_LIBRARY = "libc++";
				CLANG_ENABLE_MODULES = YES;
				CLANG_ENABLE_OBJC_ARC = YES;
				CLANG_WARN_BOOL_CONVERSION = YES;
				CLANG_WARN_CONSTANT_CONVERSION = YES;
				CLANG_WARN_DIRECT_OBJC_ISA_USAGE = YES_ERROR;
				CLANG_WARN_EMPTY_BODY = YES;
				CLANG_WARN_ENUM_CONVERSION = YES;
				CLANG_WARN_INT_CONVERSION = YES;
				CLANG_WARN_OBJC_ROOT_CLASS = YES_ERROR;
				CLANG_WARN_UNREACHABLE_CODE = YES;
				CLANG_WARN__DUPLICATE_METHOD_MATCH = YES;
				"CODE_SIGN_IDENTITY[sdk=iphoneos*]" = "iPhone Developer";
				COPY_PHASE_STRIP = NO;
				DEBUG_INFORMATION_FORMAT = dwarf;
				ENABLE_STRICT_OBJC_MSGSEND = YES;
				ENABLE_TESTABILITY = YES;
				GCC_C_LANGUAGE_STANDARD = gnu99;
				GCC_DYNAMIC_NO_PIC = NO;
				GCC_NO_COMMON_BLOCKS = YES;
				GCC_OPTIMIZATION_LEVEL = 0;
				GCC_PREPROCESSOR_DEFINITIONS = (
					"DEBUG=1",
					"$(inherited)",
				);
				GCC_WARN_64_TO_32_BIT_CONVERSION = YES;
				GCC_WARN_ABOUT_RETURN_TYPE = YES_ERROR;
				GCC_WARN_UNDECLARED_SELECTOR = YES;
				GCC_WARN_UNINITIALIZED_AUTOS = YES_AGGRESSIVE;
				GCC_WARN_UNUSED_FUNCTION = YES;
				GCC_WARN_UNUSED_VARIABLE = YES;
				IPHONEOS_DEPLOYMENT_TARGET = 9.1;
				MTL_ENABLE_DEBUG_INFO = YES;
				ONLY_ACTIVE_ARCH = YES;
				SDKROOT = iphoneos;
				SWIFT_OPTIMIZATION_LEVEL = "-Onone";
			};
			name = Debug;
		};
		BE1871171D947BEB0033ABAD /* Release */ = {
			isa = XCBuildConfiguration;
			buildSettings = {
				ALWAYS_SEARCH_USER_PATHS = NO;
				CLANG_CXX_LANGUAGE_STANDARD = "gnu++0x";
				CLANG_CXX_LIBRARY = "libc++";
				CLANG_ENABLE_MODULES = YES;
				CLANG_ENABLE_OBJC_ARC = YES;
				CLANG_WARN_BOOL_CONVERSION = YES;
				CLANG_WARN_CONSTANT_CONVERSION = YES;
				CLANG_WARN_DIRECT_OBJC_ISA_USAGE = YES_ERROR;
				CLANG_WARN_EMPTY_BODY = YES;
				CLANG_WARN_ENUM_CONVERSION = YES;
				CLANG_WARN_INT_CONVERSION = YES;
				CLANG_WARN_OBJC_ROOT_CLASS = YES_ERROR;
				CLANG_WARN_UNREACHABLE_CODE = YES;
				CLANG_WARN__DUPLICATE_METHOD_MATCH = YES;
				"CODE_SIGN_IDENTITY[sdk=iphoneos*]" = "iPhone Developer";
				COPY_PHASE_STRIP = NO;
				DEBUG_INFORMATION_FORMAT = "dwarf-with-dsym";
				ENABLE_NS_ASSERTIONS = NO;
				ENABLE_STRICT_OBJC_MSGSEND = YES;
				GCC_C_LANGUAGE_STANDARD = gnu99;
				GCC_NO_COMMON_BLOCKS = YES;
				GCC_WARN_64_TO_32_BIT_CONVERSION = YES;
				GCC_WARN_ABOUT_RETURN_TYPE = YES_ERROR;
				GCC_WARN_UNDECLARED_SELECTOR = YES;
				GCC_WARN_UNINITIALIZED_AUTOS = YES_AGGRESSIVE;
				GCC_WARN_UNUSED_FUNCTION = YES;
				GCC_WARN_UNUSED_VARIABLE = YES;
				IPHONEOS_DEPLOYMENT_TARGET = 9.1;
				MTL_ENABLE_DEBUG_INFO = NO;
				SDKROOT = iphoneos;
				VALIDATE_PRODUCT = YES;
			};
			name = Release;
		};
		BE1871191D947BEB0033ABAD /* Debug */ = {
			isa = XCBuildConfiguration;
			buildSettings = {
				ASSETCATALOG_COMPILER_APPICON_NAME = AppIcon;
				CLANG_ENABLE_MODULES = YES;
				INFOPLIST_FILE = GraphCalculator/Info.plist;
				LD_RUNPATH_SEARCH_PATHS = "$(inherited) @executable_path/Frameworks";
				PRODUCT_BUNDLE_IDENTIFIER = Cornell.GraphCalculator;
				PRODUCT_NAME = "$(TARGET_NAME)";
				SWIFT_OBJC_BRIDGING_HEADER = "GraphCalculator/GraphCalculator-Bridging-Header.h";
				SWIFT_OPTIMIZATION_LEVEL = "-Onone";
				TARGETED_DEVICE_FAMILY = 1;
			};
			name = Debug;
		};
		BE18711A1D947BEB0033ABAD /* Release */ = {
			isa = XCBuildConfiguration;
			buildSettings = {
				ASSETCATALOG_COMPILER_APPICON_NAME = AppIcon;
				CLANG_ENABLE_MODULES = YES;
				INFOPLIST_FILE = GraphCalculator/Info.plist;
				LD_RUNPATH_SEARCH_PATHS = "$(inherited) @executable_path/Frameworks";
				PRODUCT_BUNDLE_IDENTIFIER = Cornell.GraphCalculator;
				PRODUCT_NAME = "$(TARGET_NAME)";
				SWIFT_OBJC_BRIDGING_HEADER = "GraphCalculator/GraphCalculator-Bridging-Header.h";
				TARGETED_DEVICE_FAMILY = 1;
			};
			name = Release;
		};
/* End XCBuildConfiguration section */

/* Begin XCConfigurationList section */
		BE1871011D947BEB0033ABAD /* Build configuration list for PBXProject "GraphCalculator" */ = {
			isa = XCConfigurationList;
			buildConfigurations = (
				BE1871161D947BEB0033ABAD /* Debug */,
				BE1871171D947BEB0033ABAD /* Release */,
			);
			defaultConfigurationIsVisible = 0;
			defaultConfigurationName = Release;
		};
		BE1871181D947BEB0033ABAD /* Build configuration list for PBXNativeTarget "GraphCalculator" */ = {
			isa = XCConfigurationList;
			buildConfigurations = (
				BE1871191D947BEB0033ABAD /* Debug */,
				BE18711A1D947BEB0033ABAD /* Release */,
			);
			defaultConfigurationIsVisible = 0;
			defaultConfigurationName = Release;
		};
/* End XCConfigurationList section */
	};
	rootObject = BE1870FE1D947BEB0033ABAD /* Project object */;
}
